
Microsoft Visual Studio Solution File, Format Version 12.00
# Visual Studio 15
VisualStudioVersion = 15.0.26430.12
MinimumVisualStudioVersion = 10.0.40219.1
Project("{9A19103F-16F7-4668-BE54-9A1E7A4F7556}") = "WebPruebaNet", "WebPruebaNet\WebPruebaNet.csproj", "{81C63CF6-A597-4AEE-B1D8-2D59BC76CCA9}"
EndProject
Global
	GlobalSection(SolutionConfigurationPlatforms) = preSolution
		Debug|Any CPU = Debug|Any CPU
		Release|Any CPU = Release|Any CPU
	EndGlobalSection
	GlobalSection(ProjectConfigurationPlatforms) = postSolution
		{81C63CF6-A597-4AEE-B1D8-2D59BC76CCA9}.Debug|Any CPU.ActiveCfg = Debug|Any CPU
		{81C63CF6-A597-4AEE-B1D8-2D59BC76CCA9}.Debug|Any CPU.Build.0 = Debug|Any CPU
		{81C63CF6-A597-4AEE-B1D8-2D59BC76CCA9}.Release|Any CPU.ActiveCfg = Release|Any CPU
		{81C63CF6-A597-4AEE-B1D8-2D59BC76CCA9}.Release|Any CPU.Build.0 = Release|Any CPU
	EndGlobalSection
	GlobalSection(SolutionProperties) = preSolution
		HideSolutionNode = FALSE
	EndGlobalSection
	GlobalSection(ExtensibilityGlobals) = postSolution
		SolutionGuid = {E63A616A-7A4F-432D-AE21-4FFF833E7FA7}
	EndGlobalSection
EndGlobal
