
Microsoft Visual Studio Solution File, Format Version 12.00
# Visual Studio 15
VisualStudioVersion = 15.0.26430.12
MinimumVisualStudioVersion = 10.0.40219.1
Project("{9A19103F-16F7-4668-BE54-9A1E7A4F7556}") = "WebApiPruebaNet", "WebApiPruebaNet\WebApiPruebaNet.csproj", "{598CA6CE-F3E3-4776-81CD-A39C8E670FD0}"
EndProject
Global
	GlobalSection(SolutionConfigurationPlatforms) = preSolution
		Debug|Any CPU = Debug|Any CPU
		Release|Any CPU = Release|Any CPU
	EndGlobalSection
	GlobalSection(ProjectConfigurationPlatforms) = postSolution
		{598CA6CE-F3E3-4776-81CD-A39C8E670FD0}.Debug|Any CPU.ActiveCfg = Debug|Any CPU
		{598CA6CE-F3E3-4776-81CD-A39C8E670FD0}.Debug|Any CPU.Build.0 = Debug|Any CPU
		{598CA6CE-F3E3-4776-81CD-A39C8E670FD0}.Release|Any CPU.ActiveCfg = Release|Any CPU
		{598CA6CE-F3E3-4776-81CD-A39C8E670FD0}.Release|Any CPU.Build.0 = Release|Any CPU
	EndGlobalSection
	GlobalSection(SolutionProperties) = preSolution
		HideSolutionNode = FALSE
	EndGlobalSection
	GlobalSection(ExtensibilityGlobals) = postSolution
		SolutionGuid = {8DEBB3F7-19C3-4D2F-9389-95BC5967C87B}
	EndGlobalSection
EndGlobal
